{
  "version": "5",
  "specifiers": {
    "jsr:@fcrozatier/type-strip@^1.3.0": "1.3.0",
    "jsr:@std/async@^1.0.13": "1.0.13",
    "jsr:@std/fs@^1.0.19": "1.0.19",
    "jsr:@std/internal@^1.0.9": "1.0.9",
    "jsr:@std/path@^1.1.1": "1.1.1",
    "npm:typescript@^5.7.2": "5.8.3"
  },
  "jsr": {
    "@fcrozatier/type-strip@1.3.0": {
      "integrity": "1c432f382568ea3c3ac7c3f72e209dc091464c22d21077e2bba2308e407f8f39",
      "dependencies": [
        "npm:typescript"
      ]
    },
    "@std/async@1.0.13": {
      "integrity": "1d76ca5d324aef249908f7f7fe0d39aaf53198e5420604a59ab5c035adc97c96"
    },
    "@std/fs@1.0.19": {
      "integrity": "051968c2b1eae4d2ea9f79a08a3845740ef6af10356aff43d3e2ef11ed09fb06",
      "dependencies": [
        "jsr:@std/internal",
        "jsr:@std/path"
      ]
    },
    "@std/internal@1.0.9": {
      "integrity": "bdfb97f83e4db7a13e8faab26fb1958d1b80cc64366501af78a0aee151696eb8"
    },
    "@std/path@1.1.1": {
      "integrity": "fe00026bd3a7e6a27f73709b83c607798be40e20c81dde655ce34052fd82ec76",
      "dependencies": [
        "jsr:@std/internal"
      ]
    }
  },
  "npm": {
    "typescript@5.8.3": {
      "integrity": "sha512-p1diW6TqL9L07nNxvRMM7hMMw4c5XOo/1ibL4aAIGmSAt9slTE1Xgw5KWuof2uTOvCg9BY7ZRi+GaF+7sfgPeQ==",
      "bin": true
    }
  },
  "workspace": {
    "dependencies": [
      "jsr:@fcrozatier/type-strip@^1.3.0",
      "jsr:@std/async@^1.0.13",
      "jsr:@std/fs@^1.0.19",
      "jsr:@std/path@^1.1.1"
    ]
  }
}
